
Microsoft Visual Studio Solution File, Format Version 12.00
# Visual Studio 14
VisualStudioVersion = 14.0.25420.1
MinimumVisualStudioVersion = 10.0.40219.1
Project("{FAE04EC0-301F-11D3-BF4B-00C04F79EFBC}") = "BIG.VMS.PRESENT", "BIG.VMS.PRESENT\BIG.VMS.PRESENT.csproj", "{DAF9B415-2617-4101-A2C8-49FDA5831F02}"
EndProject
Project("{FAE04EC0-301F-11D3-BF4B-00C04F79EFBC}") = "BIG.VMS.DAL", "BIG.VMS.DAL\BIG.VMS.DAL.csproj", "{F8BF9BA5-78D5-484F-958B-42569B467272}"
EndProject
Project("{FAE04EC0-301F-11D3-BF4B-00C04F79EFBC}") = "BIG.VMS.MODEL", "BIG.VMS.MODEL\BIG.VMS.MODEL.csproj", "{F56FB522-311D-431E-9E75-1D0DE55898B2}"
EndProject
Project("{FAE04EC0-301F-11D3-BF4B-00C04F79EFBC}") = "BIG.VMS.DATASERVICE", "BIG.VMS.DATASERVICE\BIG.VMS.DATASERVICE.csproj", "{7BE3D784-EC8B-42DF-B8A6-4CAAB78FAEA9}"
EndProject
Project("{FAE04EC0-301F-11D3-BF4B-00C04F79EFBC}") = "BIG.VMS.CUSTOM.CONTROL", "BIG.VMS.CUSTOM.CONTROL\BIG.VMS.CUSTOM.CONTROL.csproj", "{454365A3-A664-4A1A-891C-129447864F6A}"
EndProject
Global
	GlobalSection(SolutionConfigurationPlatforms) = preSolution
		Debug|Any CPU = Debug|Any CPU
		Release|Any CPU = Release|Any CPU
	EndGlobalSection
	GlobalSection(ProjectConfigurationPlatforms) = postSolution
		{DAF9B415-2617-4101-A2C8-49FDA5831F02}.Debug|Any CPU.ActiveCfg = Debug|Any CPU
		{DAF9B415-2617-4101-A2C8-49FDA5831F02}.Debug|Any CPU.Build.0 = Debug|Any CPU
		{DAF9B415-2617-4101-A2C8-49FDA5831F02}.Release|Any CPU.ActiveCfg = Release|Any CPU
		{DAF9B415-2617-4101-A2C8-49FDA5831F02}.Release|Any CPU.Build.0 = Release|Any CPU
		{F8BF9BA5-78D5-484F-958B-42569B467272}.Debug|Any CPU.ActiveCfg = Debug|Any CPU
		{F8BF9BA5-78D5-484F-958B-42569B467272}.Debug|Any CPU.Build.0 = Debug|Any CPU
		{F8BF9BA5-78D5-484F-958B-42569B467272}.Release|Any CPU.ActiveCfg = Release|Any CPU
		{F8BF9BA5-78D5-484F-958B-42569B467272}.Release|Any CPU.Build.0 = Release|Any CPU
		{F56FB522-311D-431E-9E75-1D0DE55898B2}.Debug|Any CPU.ActiveCfg = Debug|Any CPU
		{F56FB522-311D-431E-9E75-1D0DE55898B2}.Debug|Any CPU.Build.0 = Debug|Any CPU
		{F56FB522-311D-431E-9E75-1D0DE55898B2}.Release|Any CPU.ActiveCfg = Release|Any CPU
		{F56FB522-311D-431E-9E75-1D0DE55898B2}.Release|Any CPU.Build.0 = Release|Any CPU
		{7BE3D784-EC8B-42DF-B8A6-4CAAB78FAEA9}.Debug|Any CPU.ActiveCfg = Debug|Any CPU
		{7BE3D784-EC8B-42DF-B8A6-4CAAB78FAEA9}.Debug|Any CPU.Build.0 = Debug|Any CPU
		{7BE3D784-EC8B-42DF-B8A6-4CAAB78FAEA9}.Release|Any CPU.ActiveCfg = Release|Any CPU
		{7BE3D784-EC8B-42DF-B8A6-4CAAB78FAEA9}.Release|Any CPU.Build.0 = Release|Any CPU
		{454365A3-A664-4A1A-891C-129447864F6A}.Debug|Any CPU.ActiveCfg = Debug|Any CPU
		{454365A3-A664-4A1A-891C-129447864F6A}.Debug|Any CPU.Build.0 = Debug|Any CPU
		{454365A3-A664-4A1A-891C-129447864F6A}.Release|Any CPU.ActiveCfg = Release|Any CPU
		{454365A3-A664-4A1A-891C-129447864F6A}.Release|Any CPU.Build.0 = Release|Any CPU
	EndGlobalSection
	GlobalSection(SolutionProperties) = preSolution
		HideSolutionNode = FALSE
	EndGlobalSection
EndGlobal
